
Microsoft Visual Studio Solution File, Format Version 12.00
Project("{FAE04EC0-301F-11D3-BF4B-00C04F79EFBC}") = "LAB4-MamanchuraAlcca", "LAB4-MamanchuraAlcca\LAB4-MamanchuraAlcca.csproj", "{BF5E1502-C9AD-44DA-897A-3A5302C659EB}"
EndProject
Global
	GlobalSection(SolutionConfigurationPlatforms) = preSolution
		Debug|Any CPU = Debug|Any CPU
		Release|Any CPU = Release|Any CPU
	EndGlobalSection
	GlobalSection(ProjectConfigurationPlatforms) = postSolution
		{BF5E1502-C9AD-44DA-897A-3A5302C659EB}.Debug|Any CPU.ActiveCfg = Debug|Any CPU
		{BF5E1502-C9AD-44DA-897A-3A5302C659EB}.Debug|Any CPU.Build.0 = Debug|Any CPU
		{BF5E1502-C9AD-44DA-897A-3A5302C659EB}.Release|Any CPU.ActiveCfg = Release|Any CPU
		{BF5E1502-C9AD-44DA-897A-3A5302C659EB}.Release|Any CPU.Build.0 = Release|Any CPU
	EndGlobalSection
EndGlobal
